
Microsoft Visual Studio Solution File, Format Version 12.00
# Visual Studio Version 17
VisualStudioVersion = 17.8.34316.72
MinimumVisualStudioVersion = 10.0.40219.1
Project("{9A19103F-16F7-4668-BE54-9A1E7A4F7556}") = "WpfStatus", "WpfStatus.csproj", "{C49F42C2-3847-463D-BA89-877139219009}"
EndProject
Global
	GlobalSection(SolutionConfigurationPlatforms) = preSolution
		Debug|Any CPU = Debug|Any CPU
		Release|Any CPU = Release|Any CPU
	EndGlobalSection
	GlobalSection(ProjectConfigurationPlatforms) = postSolution
		{C49F42C2-3847-463D-BA89-877139219009}.Debug|Any CPU.ActiveCfg = Debug|Any CPU
		{C49F42C2-3847-463D-BA89-877139219009}.Debug|Any CPU.Build.0 = Debug|Any CPU
		{C49F42C2-3847-463D-BA89-877139219009}.Release|Any CPU.ActiveCfg = Release|Any CPU
		{C49F42C2-3847-463D-BA89-877139219009}.Release|Any CPU.Build.0 = Release|Any CPU
	EndGlobalSection
	GlobalSection(SolutionProperties) = preSolution
		HideSolutionNode = FALSE
	EndGlobalSection
	GlobalSection(ExtensibilityGlobals) = postSolution
		SolutionGuid = {A9BE6A27-3091-4F5D-8FA5-82DAECD36DFF}
	EndGlobalSection
EndGlobal
